
Microsoft Visual Studio Solution File, Format Version 12.00
# Visual Studio Version 17
VisualStudioVersion = 17.10.35004.147
MinimumVisualStudioVersion = 10.0.40219.1
Project("{FAE04EC0-301F-11D3-BF4B-00C04F79EFBC}") = "ProxyWebAPi", "ProxyWebAPi.csproj", "{0373BC6C-D935-4A1D-9D2B-D93218AAB339}"
EndProject
Global
	GlobalSection(SolutionConfigurationPlatforms) = preSolution
		Debug|Any CPU = Debug|Any CPU
		Release|Any CPU = Release|Any CPU
	EndGlobalSection
	GlobalSection(ProjectConfigurationPlatforms) = postSolution
		{0373BC6C-D935-4A1D-9D2B-D93218AAB339}.Debug|Any CPU.ActiveCfg = Debug|Any CPU
		{0373BC6C-D935-4A1D-9D2B-D93218AAB339}.Debug|Any CPU.Build.0 = Debug|Any CPU
		{0373BC6C-D935-4A1D-9D2B-D93218AAB339}.Release|Any CPU.ActiveCfg = Release|Any CPU
		{0373BC6C-D935-4A1D-9D2B-D93218AAB339}.Release|Any CPU.Build.0 = Release|Any CPU
	EndGlobalSection
	GlobalSection(SolutionProperties) = preSolution
		HideSolutionNode = FALSE
	EndGlobalSection
	GlobalSection(ExtensibilityGlobals) = postSolution
		SolutionGuid = {554D208B-A1C3-46CF-BD67-E25611EBD2C2}
	EndGlobalSection
EndGlobal
